<?xml version="1.0" encoding="utf-8"?>
<Project ToolsVersion="4.0" xmlns="http://schemas.microsoft.com/developer/msbuild/2003">
  <ItemGroup>
    <Filter Include="Resource Files">
      <UniqueIdentifier>{67DA6AB6-F800-4c08-8B7A-83BB121AAD01}</UniqueIdentifier>
      <Extensions>rc;ico;cur;bmp;dlg;rc2;rct;bin;rgs;gif;jpg;jpeg;jpe;resx;tiff;tif;png;wav;mfcribbon-ms</Extensions>
    </Filter>
    <Filter Include="UIComponent">
      <UniqueIdentifier>{d6df4a10-18ae-4504-a379-f59ad7766d69}</UniqueIdentifier>
    </Filter>
  </ItemGroup>
  <ItemGroup>
    <Text Include="ReadMe.txt" />
  </ItemGroup>
  <ItemGroup>
    <ClInclude Include="MainView.h" />
    <ClInclude Include="Resource.h" />
    <ClInclude Include="stdafx.h" />
    <ClInclude Include="targetver.h" />
    <ClInclude Include="Viewer.h" />
    <ClInclude Include="ViewerDlg.h" />
    <ClInclude Include="..\..\..\..\Common\UIComponent\BPCtrlAnchorMap.h">
      <Filter>UIComponent</Filter>
    </ClInclude>
  </ItemGroup>
  <ItemGroup>
    <ClCompile Include="MainView.cpp" />
    <ClCompile Include="stdafx.cpp" />
    <ClCompile Include="Viewer.cpp" />
    <ClCompile Include="ViewerDlg.cpp" />
  </ItemGroup>
  <ItemGroup>
    <ResourceCompile Include="Viewer.rc">
      <Filter>Resource Files</Filter>
    </ResourceCompile>
  </ItemGroup>
  <ItemGroup>
    <None Include="res\Viewer.rc2">
      <Filter>Resource Files</Filter>
    </None>
  </ItemGroup>
  <ItemGroup>
    <Image Include="res\Viewer.ico">
      <Filter>Resource Files</Filter>
    </Image>
  </ItemGroup>
</Project>